// !$*UTF8*$!
{
	archiveVersion = 1;
	classes = {
	};
	objectVersion = 50;
	objects = {

/* Begin PBXBuildFile section */
		C8F1FBBD25B43E16002133E7 /* AppDelegate.m in Sources */ = {isa = PBXBuildFile; fileRef = C8F1FBBC25B43E16002133E7 /* AppDelegate.m */; };
		C8F1FBC025B43E16002133E7 /* SceneDelegate.m in Sources */ = {isa = PBXBuildFile; fileRef = C8F1FBBF25B43E16002133E7 /* SceneDelegate.m */; };
		C8F1FBC325B43E16002133E7 /* MainViewController.m in Sources */ = {isa = PBXBuildFile; fileRef = C8F1FBC225B43E16002133E7 /* MainViewController.m */; };
		C8F1FBC825B43E19002133E7 /* Assets.xcassets in Resources */ = {isa = PBXBuildFile; fileRef = C8F1FBC725B43E19002133E7 /* Assets.xcassets */; };
		C8F1FBCB25B43E19002133E7 /* LaunchScreen.storyboard in Resources */ = {isa = PBXBuildFile; fileRef = C8F1FBC925B43E19002133E7 /* LaunchScreen.storyboard */; };
		C8F1FBCE25B43E19002133E7 /* main.m in Sources */ = {isa = PBXBuildFile; fileRef = C8F1FBCD25B43E19002133E7 /* main.m */; };
		C8F1FBDF25B46244002133E7 /* CustomTableViewCell.m in Sources */ = {isa = PBXBuildFile; fileRef = C8F1FBDE25B46244002133E7 /* CustomTableViewCell.m */; };
/* End PBXBuildFile section */

/* Begin PBXFileReference section */
		C8F1FBB825B43E16002133E7 /* Obj-C-DevLes2.app */ = {isa = PBXFileReference; explicitFileType = wrapper.application; includeInIndex = 0; path = "Obj-C-DevLes2.app"; sourceTree = BUILT_PRODUCTS_DIR; };
		C8F1FBBB25B43E16002133E7 /* AppDelegate.h */ = {isa = PBXFileReference; lastKnownFileType = sourcecode.c.h; path = AppDelegate.h; sourceTree = "<group>"; };
		C8F1FBBC25B43E16002133E7 /* AppDelegate.m */ = {isa = PBXFileReference; lastKnownFileType = sourcecode.c.objc; path = AppDelegate.m; sourceTree = "<group>"; };
		C8F1FBBE25B43E16002133E7 /* SceneDelegate.h */ = {isa = PBXFileReference; lastKnownFileType = sourcecode.c.h; path = SceneDelegate.h; sourceTree = "<group>"; };
		C8F1FBBF25B43E16002133E7 /* SceneDelegate.m */ = {isa = PBXFileReference; lastKnownFileType = sourcecode.c.objc; path = SceneDelegate.m; sourceTree = "<group>"; };
		C8F1FBC125B43E16002133E7 /* MainViewController.h */ = {isa = PBXFileReference; lastKnownFileType = sourcecode.c.h; path = MainViewController.h; sourceTree = "<group>"; };
		C8F1FBC225B43E16002133E7 /* MainViewController.m */ = {isa = PBXFileReference; lastKnownFileType = sourcecode.c.objc; path = MainViewController.m; sourceTree = "<group>"; };
		C8F1FBC725B43E19002133E7 /* Assets.xcassets */ = {isa = PBXFileReference; lastKnownFileType = folder.assetcatalog; path = Assets.xcassets; sourceTree = "<group>"; };
		C8F1FBCA25B43E19002133E7 /* Base */ = {isa = PBXFileReference; lastKnownFileType = file.storyboard; name = Base; path = Base.lproj/LaunchScreen.storyboard; sourceTree = "<group>"; };
		C8F1FBCC25B43E19002133E7 /* Info.plist */ = {isa = PBXFileReference; lastKnownFileType = text.plist.xml; path = Info.plist; sourceTree = "<group>"; };
		C8F1FBCD25B43E19002133E7 /* main.m */ = {isa = PBXFileReference; lastKnownFileType = sourcecode.c.objc; path = main.m; sourceTree = "<group>"; };
		C8F1FBDD25B46244002133E7 /* CustomTableViewCell.h */ = {isa = PBXFileReference; lastKnownFileType = sourcecode.c.h; path = CustomTableViewCell.h; sourceTree = "<group>"; };
		C8F1FBDE25B46244002133E7 /* CustomTableViewCell.m */ = {isa = PBXFileReference; lastKnownFileType = sourcecode.c.objc; path = CustomTableViewCell.m; sourceTree = "<group>"; };
/* End PBXFileReference section */

/* Begin PBXFrameworksBuildPhase section */
		C8F1FBB525B43E16002133E7 /* Frameworks */ = {
			isa = PBXFrameworksBuildPhase;
			buildActionMask = 2147483647;
			files = (
			);
			runOnlyForDeploymentPostprocessing = 0;
		};
/* End PBXFrameworksBuildPhase section */

/* Begin PBXGroup section */
		C8F1FBAF25B43E16002133E7 = {
			isa = PBXGroup;
			children = (
				C8F1FBBA25B43E16002133E7 /* Obj-C-DevLes2 */,
				C8F1FBB925B43E16002133E7 /* Products */,
			);
			sourceTree = "<group>";
		};
		C8F1FBB925B43E16002133E7 /* Products */ = {
			isa = PBXGroup;
			children = (
				C8F1FBB825B43E16002133E7 /* Obj-C-DevLes2.app */,
			);
			name = Products;
			sourceTree = "<group>";
		};
		C8F1FBBA25B43E16002133E7 /* Obj-C-DevLes2 */ = {
			isa = PBXGroup;
			children = (
				C8F1FBBB25B43E16002133E7 /* AppDelegate.h */,
				C8F1FBBC25B43E16002133E7 /* AppDelegate.m */,
				C8F1FBBE25B43E16002133E7 /* SceneDelegate.h */,
				C8F1FBBF25B43E16002133E7 /* SceneDelegate.m */,
				C8F1FBC125B43E16002133E7 /* MainViewController.h */,
				C8F1FBC225B43E16002133E7 /* MainViewController.m */,
				C8F1FBDD25B46244002133E7 /* CustomTableViewCell.h */,
				C8F1FBDE25B46244002133E7 /* CustomTableViewCell.m */,
				C8F1FBC725B43E19002133E7 /* Assets.xcassets */,
				C8F1FBC925B43E19002133E7 /* LaunchScreen.storyboard */,
				C8F1FBCC25B43E19002133E7 /* Info.plist */,
				C8F1FBCD25B43E19002133E7 /* main.m */,
			);
			path = "Obj-C-DevLes2";
			sourceTree = "<group>";
		};
/* End PBXGroup section */

/* Begin PBXNativeTarget section */
		C8F1FBB725B43E16002133E7 /* Obj-C-DevLes2 */ = {
			isa = PBXNativeTarget;
			buildConfigurationList = C8F1FBD125B43E19002133E7 /* Build configuration list for PBXNativeTarget "Obj-C-DevLes2" */;
			buildPhases = (
				C8F1FBB425B43E16002133E7 /* Sources */,
				C8F1FBB525B43E16002133E7 /* Frameworks */,
				C8F1FBB625B43E16002133E7 /* Resources */,
			);
			buildRules = (
			);
			dependencies = (
			);
			name = "Obj-C-DevLes2";
			productName = "Obj-C-DevLes2";
			productReference = C8F1FBB825B43E16002133E7 /* Obj-C-DevLes2.app */;
			productType = "com.apple.product-type.application";
		};
/* End PBXNativeTarget section */

/* Begin PBXProject section */
		C8F1FBB025B43E16002133E7 /* Project object */ = {
			isa = PBXProject;
			attributes = {
				LastUpgradeCheck = 1230;
				TargetAttributes = {
					C8F1FBB725B43E16002133E7 = {
						CreatedOnToolsVersion = 12.3;
					};
				};
			};
			buildConfigurationList = C8F1FBB325B43E16002133E7 /* Build configuration list for PBXProject "Obj-C-DevLes2" */;
			compatibilityVersion = "Xcode 9.3";
			developmentRegion = en;
			hasScannedForEncodings = 0;
			knownRegions = (
				en,
				Base,
			);
			mainGroup = C8F1FBAF25B43E16002133E7;
			productRefGroup = C8F1FBB925B43E16002133E7 /* Products */;
			projectDirPath = "";
			projectRoot = "";
			targets = (
				C8F1FBB725B43E16002133E7 /* Obj-C-DevLes2 */,
			);
		};
/* End PBXProject section */

/* Begin PBXResourcesBuildPhase section */
		C8F1FBB625B43E16002133E7 /* Resources */ = {
			isa = PBXResourcesBuildPhase;
			buildActionMask = 2147483647;
			files = (
				C8F1FBCB25B43E19002133E7 /* LaunchScreen.storyboard in Resources */,
				C8F1FBC825B43E19002133E7 /* Assets.xcassets in Resources */,
			);
			runOnlyForDeploymentPostprocessing = 0;
		};
/* End PBXResourcesBuildPhase section */

/* Begin PBXSourcesBuildPhase section */
		C8F1FBB425B43E16002133E7 /* Sources */ = {
			isa = PBXSourcesBuildPhase;
			buildActionMask = 2147483647;
			files = (
				C8F1FBC325B43E16002133E7 /* MainViewController.m in Sources */,
				C8F1FBBD25B43E16002133E7 /* AppDelegate.m in Sources */,
				C8F1FBCE25B43E19002133E7 /* main.m in Sources */,
				C8F1FBDF25B46244002133E7 /* CustomTableViewCell.m in Sources */,
				C8F1FBC025B43E16002133E7 /* SceneDelegate.m in Sources */,
			);
			runOnlyForDeploymentPostprocessing = 0;
		};
/* End PBXSourcesBuildPhase section */

/* Begin PBXVariantGroup section */
		C8F1FBC925B43E19002133E7 /* LaunchScreen.storyboard */ = {
			isa = PBXVariantGroup;
			children = (
				C8F1FBCA25B43E19002133E7 /* Base */,
			);
			name = LaunchScreen.storyboard;
			sourceTree = "<group>";
		};
/* End PBXVariantGroup section */

/* Begin XCBuildConfiguration section */
		C8F1FBCF25B43E19002133E7 /* Debug */ = {
			isa = XCBuildConfiguration;
			buildSettings = {
				ALWAYS_SEARCH_USER_PATHS = NO;
				CLANG_ANALYZER_NONNULL = YES;
				CLANG_ANALYZER_NUMBER_OBJECT_CONVERSION = YES_AGGRESSIVE;
				CLANG_CXX_LANGUAGE_STANDARD = "gnu++14";
				CLANG_CXX_LIBRARY = "libc++";
				CLANG_ENABLE_MODULES = YES;
				CLANG_ENABLE_OBJC_ARC = YES;
				CLANG_ENABLE_OBJC_WEAK = YES;
				CLANG_WARN_BLOCK_CAPTURE_AUTORELEASING = YES;
				CLANG_WARN_BOOL_CONVERSION = YES;
				CLANG_WARN_COMMA = YES;
				CLANG_WARN_CONSTANT_CONVERSION = YES;
				CLANG_WARN_DEPRECATED_OBJC_IMPLEMENTATIONS = YES;
				CLANG_WARN_DIRECT_OBJC_ISA_USAGE = YES_ERROR;
				CLANG_WARN_DOCUMENTATION_COMMENTS = YES;
				CLANG_WARN_EMPTY_BODY = YES;
				CLANG_WARN_ENUM_CONVERSION = YES;
				CLANG_WARN_INFINITE_RECURSION = YES;
				CLANG_WARN_INT_CONVERSION = YES;
				CLANG_WARN_NON_LITERAL_NULL_CONVERSION = YES;
				CLANG_WARN_OBJC_IMPLICIT_RETAIN_SELF = YES;
				CLANG_WARN_OBJC_LITERAL_CONVERSION = YES;
				CLANG_WARN_OBJC_ROOT_CLASS = YES_ERROR;
				CLANG_WARN_QUOTED_INCLUDE_IN_FRAMEWORK_HEADER = YES;
				CLANG_WARN_RANGE_LOOP_ANALYSIS = YES;
				CLANG_WARN_STRICT_PROTOTYPES = YES;
				CLANG_WARN_SUSPICIOUS_MOVE = YES;
				CLANG_WARN_UNGUARDED_AVAILABILITY = YES_AGGRESSIVE;
				CLANG_WARN_UNREACHABLE_CODE = YES;
				CLANG_WARN__DUPLICATE_METHOD_MATCH = YES;
				COPY_PHASE_STRIP = NO;
				DEBUG_INFORMATION_FORMAT = dwarf;
				ENABLE_STRICT_OBJC_MSGSEND = YES;
				ENABLE_TESTABILITY = YES;
				GCC_C_LANGUAGE_STANDARD = gnu11;
				GCC_DYNAMIC_NO_PIC = NO;
				GCC_NO_COMMON_BLOCKS = YES;
				GCC_OPTIMIZATION_LEVEL = 0;
				GCC_PREPROCESSOR_DEFINITIONS = (
					"DEBUG=1",
					"$(inherited)",
				);
				GCC_WARN_64_TO_32_BIT_CONVERSION = YES;
				GCC_WARN_ABOUT_RETURN_TYPE = YES_ERROR;
				GCC_WARN_UNDECLARED_SELECTOR = YES;
				GCC_WARN_UNINITIALIZED_AUTOS = YES_AGGRESSIVE;
				GCC_WARN_UNUSED_FUNCTION = YES;
				GCC_WARN_UNUSED_VARIABLE = YES;
				IPHONEOS_DEPLOYMENT_TARGET = 14.3;
				MTL_ENABLE_DEBUG_INFO = INCLUDE_SOURCE;
				MTL_FAST_MATH = YES;
				ONLY_ACTIVE_ARCH = YES;
				SDKROOT = iphoneos;
			};
			name = Debug;
		};
		C8F1FBD025B43E19002133E7 /* Release */ = {
			isa = XCBuildConfiguration;
			buildSettings = {
				ALWAYS_SEARCH_USER_PATHS = NO;
				CLANG_ANALYZER_NONNULL = YES;
				CLANG_ANALYZER_NUMBER_OBJECT_CONVERSION = YES_AGGRESSIVE;
				CLANG_CXX_LANGUAGE_STANDARD = "gnu++14";
				CLANG_CXX_LIBRARY = "libc++";
				CLANG_ENABLE_MODULES = YES;
				CLANG_ENABLE_OBJC_ARC = YES;
				CLANG_ENABLE_OBJC_WEAK = YES;
				CLANG_WARN_BLOCK_CAPTURE_AUTORELEASING = YES;
				CLANG_WARN_BOOL_CONVERSION = YES;
				CLANG_WARN_COMMA = YES;
				CLANG_WARN_CONSTANT_CONVERSION = YES;
				CLANG_WARN_DEPRECATED_OBJC_IMPLEMENTATIONS = YES;
				CLANG_WARN_DIRECT_OBJC_ISA_USAGE = YES_ERROR;
				CLANG_WARN_DOCUMENTATION_COMMENTS = YES;
				CLANG_WARN_EMPTY_BODY = YES;
				CLANG_WARN_ENUM_CONVERSION = YES;
				CLANG_WARN_INFINITE_RECURSION = YES;
				CLANG_WARN_INT_CONVERSION = YES;
				CLANG_WARN_NON_LITERAL_NULL_CONVERSION = YES;
				CLANG_WARN_OBJC_IMPLICIT_RETAIN_SELF = YES;
				CLANG_WARN_OBJC_LITERAL_CONVERSION = YES;
				CLANG_WARN_OBJC_ROOT_CLASS = YES_ERROR;
				CLANG_WARN_QUOTED_INCLUDE_IN_FRAMEWORK_HEADER = YES;
				CLANG_WARN_RANGE_LOOP_ANALYSIS = YES;
				CLANG_WARN_STRICT_PROTOTYPES = YES;
				CLANG_WARN_SUSPICIOUS_MOVE = YES;
				CLANG_WARN_UNGUARDED_AVAILABILITY = YES_AGGRESSIVE;
				CLANG_WARN_UNREACHABLE_CODE = YES;
				CLANG_WARN__DUPLICATE_METHOD_MATCH = YES;
				COPY_PHASE_STRIP = NO;
				DEBUG_INFORMATION_FORMAT = "dwarf-with-dsym";
				ENABLE_NS_ASSERTIONS = NO;
				ENABLE_STRICT_OBJC_MSGSEND = YES;
				GCC_C_LANGUAGE_STANDARD = gnu11;
				GCC_NO_COMMON_BLOCKS = YES;
				GCC_WARN_64_TO_32_BIT_CONVERSION = YES;
				GCC_WARN_ABOUT_RETURN_TYPE = YES_ERROR;
				GCC_WARN_UNDECLARED_SELECTOR = YES;
				GCC_WARN_UNINITIALIZED_AUTOS = YES_AGGRESSIVE;
				GCC_WARN_UNUSED_FUNCTION = YES;
				GCC_WARN_UNUSED_VARIABLE = YES;
				IPHONEOS_DEPLOYMENT_TARGET = 14.3;
				MTL_ENABLE_DEBUG_INFO = NO;
				MTL_FAST_MATH = YES;
				SDKROOT = iphoneos;
				VALIDATE_PRODUCT = YES;
			};
			name = Release;
		};
		C8F1FBD225B43E19002133E7 /* Debug */ = {
			isa = XCBuildConfiguration;
			buildSettings = {
				ASSETCATALOG_COMPILER_APPICON_NAME = AppIcon;
				ASSETCATALOG_COMPILER_GLOBAL_ACCENT_COLOR_NAME = AccentColor;
				CODE_SIGN_STYLE = Automatic;
				DEVELOPMENT_TEAM = G2Z4Y76PYN;
				INFOPLIST_FILE = "Obj-C-DevLes2/Info.plist";
				LD_RUNPATH_SEARCH_PATHS = (
					"$(inherited)",
					"@executable_path/Frameworks",
				);
				PRODUCT_BUNDLE_IDENTIFIER = "rkolossov.Obj-C-DevLes2";
				PRODUCT_NAME = "$(TARGET_NAME)";
				TARGETED_DEVICE_FAMILY = "1,2";
			};
			name = Debug;
		};
		C8F1FBD325B43E19002133E7 /* Release */ = {
			isa = XCBuildConfiguration;
			buildSettings = {
				ASSETCATALOG_COMPILER_APPICON_NAME = AppIcon;
				ASSETCATALOG_COMPILER_GLOBAL_ACCENT_COLOR_NAME = AccentColor;
				CODE_SIGN_STYLE = Automatic;
				DEVELOPMENT_TEAM = G2Z4Y76PYN;
				INFOPLIST_FILE = "Obj-C-DevLes2/Info.plist";
				LD_RUNPATH_SEARCH_PATHS = (
					"$(inherited)",
					"@executable_path/Frameworks",
				);
				PRODUCT_BUNDLE_IDENTIFIER = "rkolossov.Obj-C-DevLes2";
				PRODUCT_NAME = "$(TARGET_NAME)";
				TARGETED_DEVICE_FAMILY = "1,2";
			};
			name = Release;
		};
/* End XCBuildConfiguration section */

/* Begin XCConfigurationList section */
		C8F1FBB325B43E16002133E7 /* Build configuration list for PBXProject "Obj-C-DevLes2" */ = {
			isa = XCConfigurationList;
			buildConfigurations = (
				C8F1FBCF25B43E19002133E7 /* Debug */,
				C8F1FBD025B43E19002133E7 /* Release */,
			);
			defaultConfigurationIsVisible = 0;
			defaultConfigurationName = Release;
		};
		C8F1FBD125B43E19002133E7 /* Build configuration list for PBXNativeTarget "Obj-C-DevLes2" */ = {
			isa = XCConfigurationList;
			buildConfigurations = (
				C8F1FBD225B43E19002133E7 /* Debug */,
				C8F1FBD325B43E19002133E7 /* Release */,
			);
			defaultConfigurationIsVisible = 0;
			defaultConfigurationName = Release;
		};
/* End XCConfigurationList section */
	};
	rootObject = C8F1FBB025B43E16002133E7 /* Project object */;
}
